# THIS IS AN AUTOGENERATED FILE. DO NOT EDIT THIS FILE DIRECTLY.
# yarn lockfile v1


esbuild@^0.11.11:
  version "0.11.23"
  resolved "https://registry.yarnpkg.com/esbuild/-/esbuild-0.11.23.tgz#c42534f632e165120671d64db67883634333b4b8"
  integrity sha512-iaiZZ9vUF5wJV8ob1tl+5aJTrwDczlvGP0JoMmnpC2B0ppiMCu8n8gmy5ZTGl5bcG081XBVn+U+jP+mPFm5T5Q==

itty-durable@=0.4.0-next.1:
  version "0.4.0-next.1"
  resolved "https://registry.yarnpkg.com/itty-durable/-/itty-durable-0.4.0-next.1.tgz#d122e1495dfccd167271864040e093be4d7d9a3a"
  integrity sha512-ht/nNokztjKoUsQQoxVdlSDRZRPOIqfQgSmzpaNmtUfxTGQZkYdwYqoq18YhEJGkoC0OIMpz/dwEophfcBv4SA==
  dependencies:
    itty-router "^2.6.1"
    itty-router-extras "^0.4.2"

itty-router-extras@^0.4.2:
  version "0.4.2"
  resolved "https://registry.yarnpkg.com/itty-router-extras/-/itty-router-extras-0.4.2.tgz#e46891ebea63f09ada74603649d8a6c4ce0c5df7"
  integrity sha512-ppHaBzcTXs7idFSDISehG+8kif2/4aqLCfyY/Y/uIZv79sfEfNmTq9G+rDeqblun/VZRBiXZD8ztYmMS8EOsKw==

itty-router@^2.5.0, itty-router@^2.6.1:
  version "2.6.1"
  resolved "https://registry.yarnpkg.com/itty-router/-/itty-router-2.6.1.tgz#eecb59fa25b5f6f519276cc5bcaaa1cb341d5fee"
  integrity sha512-l9gxWe5TOLUESYnBn85Jxd6tIZLWdRX5YKkHIBfSgbNQ7UFPNUGuWihRV+LlEbfJJIzgLmhwAbaWRi5yWJm8kg==

prettier@^2.2.1:
  version "2.7.1"
  resolved "https://registry.yarnpkg.com/prettier/-/prettier-2.7.1.tgz#e235806850d057f97bb08368a4f7d899f7760c64"
  integrity sha512-ujppO+MkdPqoVINuDFDRLClm7D78qbDt0/NR+wp5FqEZOoTNAjPHWj17QRhu7geIHJfcNhRk1XVQmF8Bp3ye+g==
